
Microsoft Visual Studio Solution File, Format Version 12.00
# Visual Studio 2012
Project("{FAE04EC0-301F-11D3-BF4B-00C04F79EFBC}") = "NuGetPackager", "NuGetPackager\NuGetPackager.csproj", "{0451BAEF-DF2E-4B98-8644-94EE9415E389}"
	ProjectSection(ProjectDependencies) = postProject
		{BAB76B6C-CE49-44FB-88A4-ED060BCA22B1} = {BAB76B6C-CE49-44FB-88A4-ED060BCA22B1}
	EndProjectSection
EndProject
Project("{FAE04EC0-301F-11D3-BF4B-00C04F79EFBC}") = "Web.Optimization.Bundles.Compass", "Web.Optimization.Bundles.Compass\Web.Optimization.Bundles.Compass.csproj", "{BAB76B6C-CE49-44FB-88A4-ED060BCA22B1}"
EndProject
Global
	GlobalSection(SolutionConfigurationPlatforms) = preSolution
		Debug|Any CPU = Debug|Any CPU
		Release|Any CPU = Release|Any CPU
	EndGlobalSection
	GlobalSection(ProjectConfigurationPlatforms) = postSolution
		{0451BAEF-DF2E-4B98-8644-94EE9415E389}.Debug|Any CPU.ActiveCfg = Debug|Any CPU
		{0451BAEF-DF2E-4B98-8644-94EE9415E389}.Release|Any CPU.ActiveCfg = Release|Any CPU
		{0451BAEF-DF2E-4B98-8644-94EE9415E389}.Release|Any CPU.Build.0 = Release|Any CPU
		{BAB76B6C-CE49-44FB-88A4-ED060BCA22B1}.Debug|Any CPU.ActiveCfg = Debug|Any CPU
		{BAB76B6C-CE49-44FB-88A4-ED060BCA22B1}.Debug|Any CPU.Build.0 = Debug|Any CPU
		{BAB76B6C-CE49-44FB-88A4-ED060BCA22B1}.Release|Any CPU.ActiveCfg = Release|Any CPU
		{BAB76B6C-CE49-44FB-88A4-ED060BCA22B1}.Release|Any CPU.Build.0 = Release|Any CPU
	EndGlobalSection
	GlobalSection(SolutionProperties) = preSolution
		HideSolutionNode = FALSE
	EndGlobalSection
EndGlobal
